
Microsoft Visual Studio Solution File, Format Version 12.00
# Visual Studio 15
VisualStudioVersion = 15.0.27428.2043
MinimumVisualStudioVersion = 10.0.40219.1
Project("{9A19103F-16F7-4668-BE54-9A1E7A4F7556}") = "EvaluationApp", "EvaluationApp\EvaluationApp.csproj", "{991AF6BC-7CED-4068-BB90-5316A388DD87}"
EndProject
Project("{2150E333-8FDC-42A3-9474-1A3956D46DE8}") = "Presentation", "Presentation", "{1203343D-43E9-49B6-92D2-5565A7DC9A46}"
EndProject
Project("{2150E333-8FDC-42A3-9474-1A3956D46DE8}") = "Domain", "Domain", "{C0608083-0D5E-4A9B-A050-BC0B0F761848}"
EndProject
Project("{9A19103F-16F7-4668-BE54-9A1E7A4F7556}") = "EvaluationApp.Domain.FormMockup", "EvaluationApp.Domain.FormMockup\EvaluationApp.Domain.FormMockup.csproj", "{A7BC6301-FEFD-46FF-8DC6-ADF510B38220}"
EndProject
Project("{2150E333-8FDC-42A3-9474-1A3956D46DE8}") = "ApplicationServices", "ApplicationServices", "{068741FF-D36D-42AC-8FEC-732D80B4E7DD}"
EndProject
Project("{2150E333-8FDC-42A3-9474-1A3956D46DE8}") = "Infrastructure", "Infrastructure", "{BFC998C6-E8F3-422F-8CA8-F90A60CAD3DA}"
EndProject
Project("{2150E333-8FDC-42A3-9474-1A3956D46DE8}") = "DomainModel", "DomainModel", "{1B58C702-79C9-43B6-A586-94AF4452916C}"
EndProject
Project("{9A19103F-16F7-4668-BE54-9A1E7A4F7556}") = "AppServices.EmployeeAuthentication", "AppServices.EmployeeAuthentication\AppServices.EmployeeAuthentication.csproj", "{D2BE5299-2F27-4875-A7F9-3DDFAF797C83}"
EndProject
Project("{9A19103F-16F7-4668-BE54-9A1E7A4F7556}") = "AppServices.EvaluationForms", "AppServices.EvaluationForms\AppServices.EvaluationForms.csproj", "{17A400AC-F7CF-4271-B0D6-3D08093D38DA}"
EndProject
Project("{9A19103F-16F7-4668-BE54-9A1E7A4F7556}") = "AppServices.Evaluations", "AppServices.Evaluations\AppServices.Evaluations.csproj", "{9DB75186-BDDD-44AE-95A3-5C8E8BE191B3}"
EndProject
Project("{9A19103F-16F7-4668-BE54-9A1E7A4F7556}") = "EvaluationApp.Infrastructure.Persistence.EF", "EvaluationApp.Infrastructure.Persistence.EF\EvaluationApp.Infrastructure.Persistence.EF.csproj", "{10CD798F-18B4-4680-9A1E-8D704483E69E}"
EndProject
Project("{9A19103F-16F7-4668-BE54-9A1E7A4F7556}") = "DomainModel.Repository.Shared", "DomainModel.Repository.Shared\DomainModel.Repository.Shared.csproj", "{1EF6F27C-31CD-4B0A-B930-253F602C2714}"
EndProject
Project("{9A19103F-16F7-4668-BE54-9A1E7A4F7556}") = "DomainModel.Domain", "DomainModel.Domain\DomainModel.Domain.csproj", "{13CE0538-9839-43F8-B858-412F917A94A1}"
EndProject
Project("{9A19103F-16F7-4668-BE54-9A1E7A4F7556}") = "DomainModel.BusinessServices", "DomainModel.BusinessServices\DomainModel.BusinessServices.csproj", "{B8D687EF-E8D0-4E88-A4AC-B0534659ABD5}"
EndProject
Project("{9A19103F-16F7-4668-BE54-9A1E7A4F7556}") = "DomainModel.BusinessServices.Shared", "DomainModel.BusinessServices.Shared\DomainModel.BusinessServices.Shared.csproj", "{ECAA27DC-8B67-4A98-B3D6-122355095D1E}"
EndProject
Project("{9A19103F-16F7-4668-BE54-9A1E7A4F7556}") = "EvaluationApp.Infrastructure.EvaluationsService", "EvaluationApp.Infrastructure.EvaluationsService\EvaluationApp.Infrastructure.EvaluationsService.csproj", "{D2ADC53A-A13A-4FEF-9670-74B9C610C6E6}"
EndProject
Project("{9A19103F-16F7-4668-BE54-9A1E7A4F7556}") = "EvaluationApp.Infrastructure.EvaluationFormsService", "EvaluationApp.Infrastructure.EvaluationFormsService\EvaluationApp.Infrastructure.EvaluationFormsService.csproj", "{2D2D6A4F-2E4E-4DF3-88CC-83BBD03F14CE}"
EndProject
Project("{9A19103F-16F7-4668-BE54-9A1E7A4F7556}") = "EvaluationApp.Infrastructure.EmployeeAuthenticationService", "EvaluationApp.Infrastructure.EmployeeAuthenticationService\EvaluationApp.Infrastructure.EmployeeAuthenticationService.csproj", "{DEB4FB1D-D513-4A96-8F04-5E41511FC81D}"
EndProject
Global
	GlobalSection(SolutionConfigurationPlatforms) = preSolution
		Debug|Any CPU = Debug|Any CPU
		Release|Any CPU = Release|Any CPU
	EndGlobalSection
	GlobalSection(ProjectConfigurationPlatforms) = postSolution
		{991AF6BC-7CED-4068-BB90-5316A388DD87}.Debug|Any CPU.ActiveCfg = Debug|Any CPU
		{991AF6BC-7CED-4068-BB90-5316A388DD87}.Debug|Any CPU.Build.0 = Debug|Any CPU
		{991AF6BC-7CED-4068-BB90-5316A388DD87}.Release|Any CPU.ActiveCfg = Release|Any CPU
		{991AF6BC-7CED-4068-BB90-5316A388DD87}.Release|Any CPU.Build.0 = Release|Any CPU
		{A7BC6301-FEFD-46FF-8DC6-ADF510B38220}.Debug|Any CPU.ActiveCfg = Debug|Any CPU
		{A7BC6301-FEFD-46FF-8DC6-ADF510B38220}.Debug|Any CPU.Build.0 = Debug|Any CPU
		{A7BC6301-FEFD-46FF-8DC6-ADF510B38220}.Release|Any CPU.ActiveCfg = Release|Any CPU
		{A7BC6301-FEFD-46FF-8DC6-ADF510B38220}.Release|Any CPU.Build.0 = Release|Any CPU
		{D2BE5299-2F27-4875-A7F9-3DDFAF797C83}.Debug|Any CPU.ActiveCfg = Debug|Any CPU
		{D2BE5299-2F27-4875-A7F9-3DDFAF797C83}.Debug|Any CPU.Build.0 = Debug|Any CPU
		{D2BE5299-2F27-4875-A7F9-3DDFAF797C83}.Release|Any CPU.ActiveCfg = Release|Any CPU
		{D2BE5299-2F27-4875-A7F9-3DDFAF797C83}.Release|Any CPU.Build.0 = Release|Any CPU
		{17A400AC-F7CF-4271-B0D6-3D08093D38DA}.Debug|Any CPU.ActiveCfg = Debug|Any CPU
		{17A400AC-F7CF-4271-B0D6-3D08093D38DA}.Debug|Any CPU.Build.0 = Debug|Any CPU
		{17A400AC-F7CF-4271-B0D6-3D08093D38DA}.Release|Any CPU.ActiveCfg = Release|Any CPU
		{17A400AC-F7CF-4271-B0D6-3D08093D38DA}.Release|Any CPU.Build.0 = Release|Any CPU
		{9DB75186-BDDD-44AE-95A3-5C8E8BE191B3}.Debug|Any CPU.ActiveCfg = Debug|Any CPU
		{9DB75186-BDDD-44AE-95A3-5C8E8BE191B3}.Debug|Any CPU.Build.0 = Debug|Any CPU
		{9DB75186-BDDD-44AE-95A3-5C8E8BE191B3}.Release|Any CPU.ActiveCfg = Release|Any CPU
		{9DB75186-BDDD-44AE-95A3-5C8E8BE191B3}.Release|Any CPU.Build.0 = Release|Any CPU
		{10CD798F-18B4-4680-9A1E-8D704483E69E}.Debug|Any CPU.ActiveCfg = Debug|Any CPU
		{10CD798F-18B4-4680-9A1E-8D704483E69E}.Debug|Any CPU.Build.0 = Debug|Any CPU
		{10CD798F-18B4-4680-9A1E-8D704483E69E}.Release|Any CPU.ActiveCfg = Release|Any CPU
		{10CD798F-18B4-4680-9A1E-8D704483E69E}.Release|Any CPU.Build.0 = Release|Any CPU
		{1EF6F27C-31CD-4B0A-B930-253F602C2714}.Debug|Any CPU.ActiveCfg = Debug|Any CPU
		{1EF6F27C-31CD-4B0A-B930-253F602C2714}.Debug|Any CPU.Build.0 = Debug|Any CPU
		{1EF6F27C-31CD-4B0A-B930-253F602C2714}.Release|Any CPU.ActiveCfg = Release|Any CPU
		{1EF6F27C-31CD-4B0A-B930-253F602C2714}.Release|Any CPU.Build.0 = Release|Any CPU
		{13CE0538-9839-43F8-B858-412F917A94A1}.Debug|Any CPU.ActiveCfg = Debug|Any CPU
		{13CE0538-9839-43F8-B858-412F917A94A1}.Debug|Any CPU.Build.0 = Debug|Any CPU
		{13CE0538-9839-43F8-B858-412F917A94A1}.Release|Any CPU.ActiveCfg = Release|Any CPU
		{13CE0538-9839-43F8-B858-412F917A94A1}.Release|Any CPU.Build.0 = Release|Any CPU
		{B8D687EF-E8D0-4E88-A4AC-B0534659ABD5}.Debug|Any CPU.ActiveCfg = Debug|Any CPU
		{B8D687EF-E8D0-4E88-A4AC-B0534659ABD5}.Debug|Any CPU.Build.0 = Debug|Any CPU
		{B8D687EF-E8D0-4E88-A4AC-B0534659ABD5}.Release|Any CPU.ActiveCfg = Release|Any CPU
		{B8D687EF-E8D0-4E88-A4AC-B0534659ABD5}.Release|Any CPU.Build.0 = Release|Any CPU
		{ECAA27DC-8B67-4A98-B3D6-122355095D1E}.Debug|Any CPU.ActiveCfg = Debug|Any CPU
		{ECAA27DC-8B67-4A98-B3D6-122355095D1E}.Debug|Any CPU.Build.0 = Debug|Any CPU
		{ECAA27DC-8B67-4A98-B3D6-122355095D1E}.Release|Any CPU.ActiveCfg = Release|Any CPU
		{ECAA27DC-8B67-4A98-B3D6-122355095D1E}.Release|Any CPU.Build.0 = Release|Any CPU
		{D2ADC53A-A13A-4FEF-9670-74B9C610C6E6}.Debug|Any CPU.ActiveCfg = Debug|Any CPU
		{D2ADC53A-A13A-4FEF-9670-74B9C610C6E6}.Debug|Any CPU.Build.0 = Debug|Any CPU
		{D2ADC53A-A13A-4FEF-9670-74B9C610C6E6}.Release|Any CPU.ActiveCfg = Release|Any CPU
		{D2ADC53A-A13A-4FEF-9670-74B9C610C6E6}.Release|Any CPU.Build.0 = Release|Any CPU
		{2D2D6A4F-2E4E-4DF3-88CC-83BBD03F14CE}.Debug|Any CPU.ActiveCfg = Debug|Any CPU
		{2D2D6A4F-2E4E-4DF3-88CC-83BBD03F14CE}.Debug|Any CPU.Build.0 = Debug|Any CPU
		{2D2D6A4F-2E4E-4DF3-88CC-83BBD03F14CE}.Release|Any CPU.ActiveCfg = Release|Any CPU
		{2D2D6A4F-2E4E-4DF3-88CC-83BBD03F14CE}.Release|Any CPU.Build.0 = Release|Any CPU
		{DEB4FB1D-D513-4A96-8F04-5E41511FC81D}.Debug|Any CPU.ActiveCfg = Debug|Any CPU
		{DEB4FB1D-D513-4A96-8F04-5E41511FC81D}.Debug|Any CPU.Build.0 = Debug|Any CPU
		{DEB4FB1D-D513-4A96-8F04-5E41511FC81D}.Release|Any CPU.ActiveCfg = Release|Any CPU
		{DEB4FB1D-D513-4A96-8F04-5E41511FC81D}.Release|Any CPU.Build.0 = Release|Any CPU
	EndGlobalSection
	GlobalSection(SolutionProperties) = preSolution
		HideSolutionNode = FALSE
	EndGlobalSection
	GlobalSection(NestedProjects) = preSolution
		{991AF6BC-7CED-4068-BB90-5316A388DD87} = {1203343D-43E9-49B6-92D2-5565A7DC9A46}
		{A7BC6301-FEFD-46FF-8DC6-ADF510B38220} = {C0608083-0D5E-4A9B-A050-BC0B0F761848}
		{D2BE5299-2F27-4875-A7F9-3DDFAF797C83} = {068741FF-D36D-42AC-8FEC-732D80B4E7DD}
		{17A400AC-F7CF-4271-B0D6-3D08093D38DA} = {068741FF-D36D-42AC-8FEC-732D80B4E7DD}
		{9DB75186-BDDD-44AE-95A3-5C8E8BE191B3} = {068741FF-D36D-42AC-8FEC-732D80B4E7DD}
		{10CD798F-18B4-4680-9A1E-8D704483E69E} = {BFC998C6-E8F3-422F-8CA8-F90A60CAD3DA}
		{1EF6F27C-31CD-4B0A-B930-253F602C2714} = {1B58C702-79C9-43B6-A586-94AF4452916C}
		{13CE0538-9839-43F8-B858-412F917A94A1} = {1B58C702-79C9-43B6-A586-94AF4452916C}
		{B8D687EF-E8D0-4E88-A4AC-B0534659ABD5} = {1B58C702-79C9-43B6-A586-94AF4452916C}
		{ECAA27DC-8B67-4A98-B3D6-122355095D1E} = {1B58C702-79C9-43B6-A586-94AF4452916C}
		{D2ADC53A-A13A-4FEF-9670-74B9C610C6E6} = {BFC998C6-E8F3-422F-8CA8-F90A60CAD3DA}
		{2D2D6A4F-2E4E-4DF3-88CC-83BBD03F14CE} = {BFC998C6-E8F3-422F-8CA8-F90A60CAD3DA}
		{DEB4FB1D-D513-4A96-8F04-5E41511FC81D} = {BFC998C6-E8F3-422F-8CA8-F90A60CAD3DA}
	EndGlobalSection
	GlobalSection(ExtensibilityGlobals) = postSolution
		SolutionGuid = {25131FD0-933E-4768-B7EE-7BF2A6E8402B}
	EndGlobalSection
EndGlobal
